
Microsoft Visual Studio Solution File, Format Version 12.00
# Visual Studio 15
Project("{FAE04EC0-301F-11D3-BF4B-00C04F79EFBC}") = "UnityEngine.TestRunner", "UnityEngine.TestRunner.csproj", "{568E4475-BFDA-87FF-5D32-8CF576D48780}"
EndProject
Project("{FAE04EC0-301F-11D3-BF4B-00C04F79EFBC}") = "Unity.Timeline", "Unity.Timeline.csproj", "{972D52C6-32AA-1E70-DCE8-45417C29A041}"
EndProject
Project("{FAE04EC0-301F-11D3-BF4B-00C04F79EFBC}") = "UnityEngine.UI", "UnityEngine.UI.csproj", "{2F3FC9E1-498F-E6FF-4DF0-1AFE2EEE08A3}"
EndProject
Project("{FAE04EC0-301F-11D3-BF4B-00C04F79EFBC}") = "Unity.TextMeshPro", "Unity.TextMeshPro.csproj", "{67FCC557-628A-45F8-C56D-3BEAA26EAF50}"
EndProject
Project("{FAE04EC0-301F-11D3-BF4B-00C04F79EFBC}") = "com.potro.uikit.runtime", "com.potro.uikit.runtime.csproj", "{D8BFB1B2-DF24-E81A-040F-4E114E2F5CD9}"
EndProject
Project("{FAE04EC0-301F-11D3-BF4B-00C04F79EFBC}") = "Assembly-CSharp", "Assembly-CSharp.csproj", "{DD8199F4-AA26-8EBB-0B79-C927EB6BD141}"
EndProject
Project("{FAE04EC0-301F-11D3-BF4B-00C04F79EFBC}") = "com.potro.reskit.runtime", "com.potro.reskit.runtime.csproj", "{E62A19EA-0C3B-49E5-344D-B060AA35FF41}"
EndProject
Project("{FAE04EC0-301F-11D3-BF4B-00C04F79EFBC}") = "com.potro.reskit.editor", "com.potro.reskit.editor.csproj", "{60403962-D59F-1032-534F-3C1E5CD97592}"
EndProject
Project("{FAE04EC0-301F-11D3-BF4B-00C04F79EFBC}") = "UnityEditor.TestRunner", "UnityEditor.TestRunner.csproj", "{E55E38B5-797C-AB0A-1D52-D7B387F531CD}"
EndProject
Project("{FAE04EC0-301F-11D3-BF4B-00C04F79EFBC}") = "Unity.PlasticSCM.Editor", "Unity.PlasticSCM.Editor.csproj", "{3CBB4C1C-8F3F-72F0-9B0B-B2379866808E}"
EndProject
Project("{FAE04EC0-301F-11D3-BF4B-00C04F79EFBC}") = "UnityEditor.UI", "UnityEditor.UI.csproj", "{49B0E0AD-F9ED-43F5-CA6B-CAFB8DFC04EF}"
EndProject
Project("{FAE04EC0-301F-11D3-BF4B-00C04F79EFBC}") = "Unity.Services.Core.Editor", "Unity.Services.Core.Editor.csproj", "{BA89853C-8B4B-FC9B-38EC-9E7ADC084C2E}"
EndProject
Project("{FAE04EC0-301F-11D3-BF4B-00C04F79EFBC}") = "Unity.Timeline.Editor", "Unity.Timeline.Editor.csproj", "{C1D1E012-C595-43EF-C832-DBEE4916669C}"
EndProject
Project("{FAE04EC0-301F-11D3-BF4B-00C04F79EFBC}") = "Unity.VisualStudio.Editor", "Unity.VisualStudio.Editor.csproj", "{2FB7F04E-E6C3-11FE-05D9-3B33CD6BAD53}"
EndProject
Project("{FAE04EC0-301F-11D3-BF4B-00C04F79EFBC}") = "Unity.TextMeshPro.Editor", "Unity.TextMeshPro.Editor.csproj", "{6EA38E8A-A4EB-B096-8A3F-50AAC02CF308}"
EndProject
Project("{FAE04EC0-301F-11D3-BF4B-00C04F79EFBC}") = "Unity.CollabProxy.Editor", "Unity.CollabProxy.Editor.csproj", "{8B7161A7-3812-E1D4-E3FD-BC302D6FF299}"
EndProject
Project("{FAE04EC0-301F-11D3-BF4B-00C04F79EFBC}") = "Unity.Rider.Editor", "Unity.Rider.Editor.csproj", "{6EE027D6-71A2-22FD-F2D2-013542FE4DF4}"
EndProject
Project("{FAE04EC0-301F-11D3-BF4B-00C04F79EFBC}") = "Unity.VSCode.Editor", "Unity.VSCode.Editor.csproj", "{E61D1522-F902-58D9-9F26-7B37DD2B3256}"
EndProject
Project("{FAE04EC0-301F-11D3-BF4B-00C04F79EFBC}") = "UnityEngine.TestRunner", "UnityEngine.TestRunner.Player.csproj", "{3A1F4E18-8B4E-C785-B817-294B6FD16086}"
EndProject
Project("{FAE04EC0-301F-11D3-BF4B-00C04F79EFBC}") = "Unity.Timeline", "Unity.Timeline.Player.csproj", "{BDD19600-C4D4-A20F-61FA-821DFF980A13}"
EndProject
Project("{FAE04EC0-301F-11D3-BF4B-00C04F79EFBC}") = "UnityEngine.UI", "UnityEngine.UI.Player.csproj", "{C20AE887-BBC4-EFAE-5746-0F44A3505787}"
EndProject
Project("{FAE04EC0-301F-11D3-BF4B-00C04F79EFBC}") = "Unity.TextMeshPro", "Unity.TextMeshPro.Player.csproj", "{83771748-5D82-A305-5CB1-8F864D9409BA}"
EndProject
Project("{FAE04EC0-301F-11D3-BF4B-00C04F79EFBC}") = "com.potro.uikit.runtime", "com.potro.uikit.runtime.Player.csproj", "{C56414B9-9CE8-E00E-1CC3-89AC4EA466FE}"
EndProject
Project("{FAE04EC0-301F-11D3-BF4B-00C04F79EFBC}") = "Assembly-CSharp", "Assembly-CSharp.Player.csproj", "{E42DF611-620A-0755-2564-38D3007E8D48}"
EndProject
Project("{FAE04EC0-301F-11D3-BF4B-00C04F79EFBC}") = "com.potro.reskit.runtime", "com.potro.reskit.runtime.Player.csproj", "{BEEB4D2A-A5C4-40E0-AC5B-0C23B315A6AC}"
EndProject
Project("{FAE04EC0-301F-11D3-BF4B-00C04F79EFBC}") = "com.potro.reskit.editor", "com.potro.reskit.editor.Player.csproj", "{1B2B0799-6A77-F69E-A662-FF66727C6F85}"
EndProject
Global
	GlobalSection(SolutionConfigurationPlatforms) = preSolution
		Debug|Any CPU = Debug|Any CPU
		Release|Any CPU = Release|Any CPU
	EndGlobalSection
	GlobalSection(ProjectConfigurationPlatforms) = postSolution
		{568E4475-BFDA-87FF-5D32-8CF576D48780}.Debug|Any CPU.ActiveCfg = Debug|Any CPU
		{568E4475-BFDA-87FF-5D32-8CF576D48780}.Debug|Any CPU.Build.0 = Debug|Any CPU
		{568E4475-BFDA-87FF-5D32-8CF576D48780}.Release|Any CPU.ActiveCfg = Release|Any CPU
		{568E4475-BFDA-87FF-5D32-8CF576D48780}.Release|Any CPU.Build.0 = Release|Any CPU
		{972D52C6-32AA-1E70-DCE8-45417C29A041}.Debug|Any CPU.ActiveCfg = Debug|Any CPU
		{972D52C6-32AA-1E70-DCE8-45417C29A041}.Debug|Any CPU.Build.0 = Debug|Any CPU
		{972D52C6-32AA-1E70-DCE8-45417C29A041}.Release|Any CPU.ActiveCfg = Release|Any CPU
		{972D52C6-32AA-1E70-DCE8-45417C29A041}.Release|Any CPU.Build.0 = Release|Any CPU
		{2F3FC9E1-498F-E6FF-4DF0-1AFE2EEE08A3}.Debug|Any CPU.ActiveCfg = Debug|Any CPU
		{2F3FC9E1-498F-E6FF-4DF0-1AFE2EEE08A3}.Debug|Any CPU.Build.0 = Debug|Any CPU
		{2F3FC9E1-498F-E6FF-4DF0-1AFE2EEE08A3}.Release|Any CPU.ActiveCfg = Release|Any CPU
		{2F3FC9E1-498F-E6FF-4DF0-1AFE2EEE08A3}.Release|Any CPU.Build.0 = Release|Any CPU
		{67FCC557-628A-45F8-C56D-3BEAA26EAF50}.Debug|Any CPU.ActiveCfg = Debug|Any CPU
		{67FCC557-628A-45F8-C56D-3BEAA26EAF50}.Debug|Any CPU.Build.0 = Debug|Any CPU
		{67FCC557-628A-45F8-C56D-3BEAA26EAF50}.Release|Any CPU.ActiveCfg = Release|Any CPU
		{67FCC557-628A-45F8-C56D-3BEAA26EAF50}.Release|Any CPU.Build.0 = Release|Any CPU
		{D8BFB1B2-DF24-E81A-040F-4E114E2F5CD9}.Debug|Any CPU.ActiveCfg = Debug|Any CPU
		{D8BFB1B2-DF24-E81A-040F-4E114E2F5CD9}.Debug|Any CPU.Build.0 = Debug|Any CPU
		{D8BFB1B2-DF24-E81A-040F-4E114E2F5CD9}.Release|Any CPU.ActiveCfg = Release|Any CPU
		{D8BFB1B2-DF24-E81A-040F-4E114E2F5CD9}.Release|Any CPU.Build.0 = Release|Any CPU
		{DD8199F4-AA26-8EBB-0B79-C927EB6BD141}.Debug|Any CPU.ActiveCfg = Debug|Any CPU
		{DD8199F4-AA26-8EBB-0B79-C927EB6BD141}.Debug|Any CPU.Build.0 = Debug|Any CPU
		{DD8199F4-AA26-8EBB-0B79-C927EB6BD141}.Release|Any CPU.ActiveCfg = Release|Any CPU
		{DD8199F4-AA26-8EBB-0B79-C927EB6BD141}.Release|Any CPU.Build.0 = Release|Any CPU
		{E62A19EA-0C3B-49E5-344D-B060AA35FF41}.Debug|Any CPU.ActiveCfg = Debug|Any CPU
		{E62A19EA-0C3B-49E5-344D-B060AA35FF41}.Debug|Any CPU.Build.0 = Debug|Any CPU
		{E62A19EA-0C3B-49E5-344D-B060AA35FF41}.Release|Any CPU.ActiveCfg = Release|Any CPU
		{E62A19EA-0C3B-49E5-344D-B060AA35FF41}.Release|Any CPU.Build.0 = Release|Any CPU
		{60403962-D59F-1032-534F-3C1E5CD97592}.Debug|Any CPU.ActiveCfg = Debug|Any CPU
		{60403962-D59F-1032-534F-3C1E5CD97592}.Debug|Any CPU.Build.0 = Debug|Any CPU
		{60403962-D59F-1032-534F-3C1E5CD97592}.Release|Any CPU.ActiveCfg = Release|Any CPU
		{60403962-D59F-1032-534F-3C1E5CD97592}.Release|Any CPU.Build.0 = Release|Any CPU
		{E55E38B5-797C-AB0A-1D52-D7B387F531CD}.Debug|Any CPU.ActiveCfg = Debug|Any CPU
		{E55E38B5-797C-AB0A-1D52-D7B387F531CD}.Debug|Any CPU.Build.0 = Debug|Any CPU
		{E55E38B5-797C-AB0A-1D52-D7B387F531CD}.Release|Any CPU.ActiveCfg = Release|Any CPU
		{E55E38B5-797C-AB0A-1D52-D7B387F531CD}.Release|Any CPU.Build.0 = Release|Any CPU
		{3CBB4C1C-8F3F-72F0-9B0B-B2379866808E}.Debug|Any CPU.ActiveCfg = Debug|Any CPU
		{3CBB4C1C-8F3F-72F0-9B0B-B2379866808E}.Debug|Any CPU.Build.0 = Debug|Any CPU
		{3CBB4C1C-8F3F-72F0-9B0B-B2379866808E}.Release|Any CPU.ActiveCfg = Release|Any CPU
		{3CBB4C1C-8F3F-72F0-9B0B-B2379866808E}.Release|Any CPU.Build.0 = Release|Any CPU
		{49B0E0AD-F9ED-43F5-CA6B-CAFB8DFC04EF}.Debug|Any CPU.ActiveCfg = Debug|Any CPU
		{49B0E0AD-F9ED-43F5-CA6B-CAFB8DFC04EF}.Debug|Any CPU.Build.0 = Debug|Any CPU
		{49B0E0AD-F9ED-43F5-CA6B-CAFB8DFC04EF}.Release|Any CPU.ActiveCfg = Release|Any CPU
		{49B0E0AD-F9ED-43F5-CA6B-CAFB8DFC04EF}.Release|Any CPU.Build.0 = Release|Any CPU
		{BA89853C-8B4B-FC9B-38EC-9E7ADC084C2E}.Debug|Any CPU.ActiveCfg = Debug|Any CPU
		{BA89853C-8B4B-FC9B-38EC-9E7ADC084C2E}.Debug|Any CPU.Build.0 = Debug|Any CPU
		{BA89853C-8B4B-FC9B-38EC-9E7ADC084C2E}.Release|Any CPU.ActiveCfg = Release|Any CPU
		{BA89853C-8B4B-FC9B-38EC-9E7ADC084C2E}.Release|Any CPU.Build.0 = Release|Any CPU
		{C1D1E012-C595-43EF-C832-DBEE4916669C}.Debug|Any CPU.ActiveCfg = Debug|Any CPU
		{C1D1E012-C595-43EF-C832-DBEE4916669C}.Debug|Any CPU.Build.0 = Debug|Any CPU
		{C1D1E012-C595-43EF-C832-DBEE4916669C}.Release|Any CPU.ActiveCfg = Release|Any CPU
		{C1D1E012-C595-43EF-C832-DBEE4916669C}.Release|Any CPU.Build.0 = Release|Any CPU
		{2FB7F04E-E6C3-11FE-05D9-3B33CD6BAD53}.Debug|Any CPU.ActiveCfg = Debug|Any CPU
		{2FB7F04E-E6C3-11FE-05D9-3B33CD6BAD53}.Debug|Any CPU.Build.0 = Debug|Any CPU
		{2FB7F04E-E6C3-11FE-05D9-3B33CD6BAD53}.Release|Any CPU.ActiveCfg = Release|Any CPU
		{2FB7F04E-E6C3-11FE-05D9-3B33CD6BAD53}.Release|Any CPU.Build.0 = Release|Any CPU
		{6EA38E8A-A4EB-B096-8A3F-50AAC02CF308}.Debug|Any CPU.ActiveCfg = Debug|Any CPU
		{6EA38E8A-A4EB-B096-8A3F-50AAC02CF308}.Debug|Any CPU.Build.0 = Debug|Any CPU
		{6EA38E8A-A4EB-B096-8A3F-50AAC02CF308}.Release|Any CPU.ActiveCfg = Release|Any CPU
		{6EA38E8A-A4EB-B096-8A3F-50AAC02CF308}.Release|Any CPU.Build.0 = Release|Any CPU
		{8B7161A7-3812-E1D4-E3FD-BC302D6FF299}.Debug|Any CPU.ActiveCfg = Debug|Any CPU
		{8B7161A7-3812-E1D4-E3FD-BC302D6FF299}.Debug|Any CPU.Build.0 = Debug|Any CPU
		{8B7161A7-3812-E1D4-E3FD-BC302D6FF299}.Release|Any CPU.ActiveCfg = Release|Any CPU
		{8B7161A7-3812-E1D4-E3FD-BC302D6FF299}.Release|Any CPU.Build.0 = Release|Any CPU
		{6EE027D6-71A2-22FD-F2D2-013542FE4DF4}.Debug|Any CPU.ActiveCfg = Debug|Any CPU
		{6EE027D6-71A2-22FD-F2D2-013542FE4DF4}.Debug|Any CPU.Build.0 = Debug|Any CPU
		{6EE027D6-71A2-22FD-F2D2-013542FE4DF4}.Release|Any CPU.ActiveCfg = Release|Any CPU
		{6EE027D6-71A2-22FD-F2D2-013542FE4DF4}.Release|Any CPU.Build.0 = Release|Any CPU
		{E61D1522-F902-58D9-9F26-7B37DD2B3256}.Debug|Any CPU.ActiveCfg = Debug|Any CPU
		{E61D1522-F902-58D9-9F26-7B37DD2B3256}.Debug|Any CPU.Build.0 = Debug|Any CPU
		{E61D1522-F902-58D9-9F26-7B37DD2B3256}.Release|Any CPU.ActiveCfg = Release|Any CPU
		{E61D1522-F902-58D9-9F26-7B37DD2B3256}.Release|Any CPU.Build.0 = Release|Any CPU
		{3A1F4E18-8B4E-C785-B817-294B6FD16086}.Debug|Any CPU.ActiveCfg = Debug|Any CPU
		{3A1F4E18-8B4E-C785-B817-294B6FD16086}.Debug|Any CPU.Build.0 = Debug|Any CPU
		{3A1F4E18-8B4E-C785-B817-294B6FD16086}.Release|Any CPU.ActiveCfg = Release|Any CPU
		{3A1F4E18-8B4E-C785-B817-294B6FD16086}.Release|Any CPU.Build.0 = Release|Any CPU
		{BDD19600-C4D4-A20F-61FA-821DFF980A13}.Debug|Any CPU.ActiveCfg = Debug|Any CPU
		{BDD19600-C4D4-A20F-61FA-821DFF980A13}.Debug|Any CPU.Build.0 = Debug|Any CPU
		{BDD19600-C4D4-A20F-61FA-821DFF980A13}.Release|Any CPU.ActiveCfg = Release|Any CPU
		{BDD19600-C4D4-A20F-61FA-821DFF980A13}.Release|Any CPU.Build.0 = Release|Any CPU
		{C20AE887-BBC4-EFAE-5746-0F44A3505787}.Debug|Any CPU.ActiveCfg = Debug|Any CPU
		{C20AE887-BBC4-EFAE-5746-0F44A3505787}.Debug|Any CPU.Build.0 = Debug|Any CPU
		{C20AE887-BBC4-EFAE-5746-0F44A3505787}.Release|Any CPU.ActiveCfg = Release|Any CPU
		{C20AE887-BBC4-EFAE-5746-0F44A3505787}.Release|Any CPU.Build.0 = Release|Any CPU
		{83771748-5D82-A305-5CB1-8F864D9409BA}.Debug|Any CPU.ActiveCfg = Debug|Any CPU
		{83771748-5D82-A305-5CB1-8F864D9409BA}.Debug|Any CPU.Build.0 = Debug|Any CPU
		{83771748-5D82-A305-5CB1-8F864D9409BA}.Release|Any CPU.ActiveCfg = Release|Any CPU
		{83771748-5D82-A305-5CB1-8F864D9409BA}.Release|Any CPU.Build.0 = Release|Any CPU
		{C56414B9-9CE8-E00E-1CC3-89AC4EA466FE}.Debug|Any CPU.ActiveCfg = Debug|Any CPU
		{C56414B9-9CE8-E00E-1CC3-89AC4EA466FE}.Debug|Any CPU.Build.0 = Debug|Any CPU
		{C56414B9-9CE8-E00E-1CC3-89AC4EA466FE}.Release|Any CPU.ActiveCfg = Release|Any CPU
		{C56414B9-9CE8-E00E-1CC3-89AC4EA466FE}.Release|Any CPU.Build.0 = Release|Any CPU
		{E42DF611-620A-0755-2564-38D3007E8D48}.Debug|Any CPU.ActiveCfg = Debug|Any CPU
		{E42DF611-620A-0755-2564-38D3007E8D48}.Debug|Any CPU.Build.0 = Debug|Any CPU
		{E42DF611-620A-0755-2564-38D3007E8D48}.Release|Any CPU.ActiveCfg = Release|Any CPU
		{E42DF611-620A-0755-2564-38D3007E8D48}.Release|Any CPU.Build.0 = Release|Any CPU
		{BEEB4D2A-A5C4-40E0-AC5B-0C23B315A6AC}.Debug|Any CPU.ActiveCfg = Debug|Any CPU
		{BEEB4D2A-A5C4-40E0-AC5B-0C23B315A6AC}.Debug|Any CPU.Build.0 = Debug|Any CPU
		{BEEB4D2A-A5C4-40E0-AC5B-0C23B315A6AC}.Release|Any CPU.ActiveCfg = Release|Any CPU
		{BEEB4D2A-A5C4-40E0-AC5B-0C23B315A6AC}.Release|Any CPU.Build.0 = Release|Any CPU
		{1B2B0799-6A77-F69E-A662-FF66727C6F85}.Debug|Any CPU.ActiveCfg = Debug|Any CPU
		{1B2B0799-6A77-F69E-A662-FF66727C6F85}.Debug|Any CPU.Build.0 = Debug|Any CPU
		{1B2B0799-6A77-F69E-A662-FF66727C6F85}.Release|Any CPU.ActiveCfg = Release|Any CPU
		{1B2B0799-6A77-F69E-A662-FF66727C6F85}.Release|Any CPU.Build.0 = Release|Any CPU
	EndGlobalSection
	GlobalSection(SolutionProperties) = preSolution
		HideSolutionNode = FALSE
	EndGlobalSection
EndGlobal
